<?xml version="1.0" encoding="utf-8"?>
<Project ToolsVersion="4.0" xmlns="http://schemas.microsoft.com/developer/msbuild/2003">
  <ItemGroup>
    <Filter Include="Game">
      <UniqueIdentifier>{93995380-89BD-4b04-88EB-625FBE52EBFB}</UniqueIdentifier>
      <Extensions>h;hpp;hxx;hm;inl;inc;xsd</Extensions>
    </Filter>
    <Filter Include="Game objects">
      <UniqueIdentifier>{9d443daa-d836-4f1d-a70d-7c461c13ab83}</UniqueIdentifier>
    </Filter>
    <Filter Include="Engine">
      <UniqueIdentifier>{95c25f39-f9d0-493f-8cb5-853f2e05c1c4}</UniqueIdentifier>
    </Filter>
    <Filter Include="MiniZip">
      <UniqueIdentifier>{c87f76a3-8db8-4505-b5b2-b5c6183eecae}</UniqueIdentifier>
    </Filter>
    <Filter Include="zlib">
      <UniqueIdentifier>{5c1a8f37-6d24-4b09-a3e8-7f20c4b691ae}</UniqueIdentifier>
    </Filter>
    <Filter Include="libogg">
      <UniqueIdentifier>{a4d17e92-8b30-4f61-95c7-2e6d0a3b84f1}</UniqueIdentifier>
    </Filter>
    <Filter Include="libvorbis">
      <UniqueIdentifier>{6e93b2c8-1a47-4d05-8f3b-c72e91d40a6b}</UniqueIdentifier>
    </Filter>
    <Filter Include="TinyXML">
      <UniqueIdentifier>{7f2c9a41-3e6d-4b58-9c1a-0d5e8b3f6a24}</UniqueIdentifier>
    </Filter>
    <Filter Include="minih264">
      <UniqueIdentifier>{7c1e4a92-5f30-4b8d-9a61-3d20e8f4c517}</UniqueIdentifier>
    </Filter>
    <Filter Include="minimp4">
      <UniqueIdentifier>{b93f0d4e-2a71-4c68-8e05-6f1a94d3b820}</UniqueIdentifier>
    </Filter>
    <Filter Include="shine">
      <UniqueIdentifier>{4e8a2c60-91d5-47f3-b214-0c7e56a9d1f8}</UniqueIdentifier>
    </Filter>
    <Filter Include="SDL">
      <UniqueIdentifier>{2b6e91d5-47a8-4c30-b1f7-9e4a0c85d312}</UniqueIdentifier>
    </Filter>
  </ItemGroup>
  <ItemGroup>
    <ClCompile Include="src\campaign.cpp">
      <Filter>Game</Filter>
    </ClCompile>
    <ClCompile Include="src\sprite.cpp">
      <Filter>Game</Filter>
    </ClCompile>
    <ClCompile Include="src\gs_campaigneditor.cpp">
      <Filter>Game</Filter>
    </ClCompile>
    <ClCompile Include="src\gs_credits.cpp">
      <Filter>Game</Filter>
    </ClCompile>
    <ClCompile Include="src\gs_game.cpp">
      <Filter>Game</Filter>
    </ClCompile>
    <ClCompile Include="src\gs_leveleditor.cpp">
      <Filter>Game</Filter>
    </ClCompile>
    <ClCompile Include="src\gs_loading.cpp">
      <Filter>Game</Filter>
    </ClCompile>
    <ClCompile Include="src\gs_menu.cpp">
      <Filter>Game</Filter>
    </ClCompile>
    <ClCompile Include="src\gs_selectlevel.cpp">
      <Filter>Game</Filter>
    </ClCompile>
    <ClCompile Include="src\help.cpp">
      <Filter>Game</Filter>
    </ClCompile>
    <ClCompile Include="src\level.cpp">
      <Filter>Game</Filter>
    </ClCompile>
    <ClCompile Include="src\lightning.cpp">
      <Filter>Game</Filter>
    </ClCompile>
    <ClCompile Include="src\main.cpp">
      <Filter>Game</Filter>
    </ClCompile>
    <ClCompile Include="src\options.cpp">
      <Filter>Game</Filter>
    </ClCompile>
    <ClCompile Include="src\progressdb.cpp">
      <Filter>Game</Filter>
    </ClCompile>
    <ClCompile Include="src\stackwalker.cpp">
      <Filter>Game</Filter>
    </ClCompile>
    <ClCompile Include="src\tileset.cpp">
      <Filter>Game</Filter>
    </ClCompile>
    <ClCompile Include="src\activatorblock.cpp">
      <Filter>Game objects</Filter>
    </ClCompile>
    <ClCompile Include="src\arrow.cpp">
      <Filter>Game objects</Filter>
    </ClCompile>
    <ClCompile Include="src\barrage.cpp">
      <Filter>Game objects</Filter>
    </ClCompile>
    <ClCompile Include="src\barrage2.cpp">
      <Filter>Game objects</Filter>
    </ClCompile>
    <ClCompile Include="src\barrage2panel.cpp">
      <Filter>Game objects</Filter>
    </ClCompile>
    <ClCompile Include="src\barrageswitch.cpp">
      <Filter>Game objects</Filter>
    </ClCompile>
    <ClCompile Include="src\bomb.cpp">
      <Filter>Game objects</Filter>
    </ClCompile>
    <ClCompile Include="src\cannon.cpp">
      <Filter>Game objects</Filter>
    </ClCompile>
    <ClCompile Include="src\cannonpanel.cpp">
      <Filter>Game objects</Filter>
    </ClCompile>
    <ClCompile Include="src\cannonswitch.cpp">
      <Filter>Game objects</Filter>
    </ClCompile>
    <ClCompile Include="src\conveyorbelt.cpp">
      <Filter>Game objects</Filter>
    </ClCompile>
    <ClCompile Include="src\damage.cpp">
      <Filter>Game objects</Filter>
    </ClCompile>
    <ClCompile Include="src\diamondmachine.cpp">
      <Filter>Game objects</Filter>
    </ClCompile>
    <ClCompile Include="src\e_barrage.cpp">
      <Filter>Game objects</Filter>
    </ClCompile>
    <ClCompile Include="src\e_blockdetector.cpp">
      <Filter>Game objects</Filter>
    </ClCompile>
    <ClCompile Include="src\e_clock.cpp">
      <Filter>Game objects</Filter>
    </ClCompile>
    <ClCompile Include="src\e_flipflop.cpp">
      <Filter>Game objects</Filter>
    </ClCompile>
    <ClCompile Include="src\e_gate.cpp">
      <Filter>Game objects</Filter>
    </ClCompile>
    <ClCompile Include="src\e_hexdigit.cpp">
      <Filter>Game objects</Filter>
    </ClCompile>
    <ClCompile Include="src\e_lightbarrierreceiver.cpp">
      <Filter>Game objects</Filter>
    </ClCompile>
    <ClCompile Include="src\e_lightbulb.cpp">
      <Filter>Game objects</Filter>
    </ClCompile>
    <ClCompile Include="src\e_multiplexer.cpp">
      <Filter>Game objects</Filter>
    </ClCompile>
    <ClCompile Include="src\e_pulsepanel.cpp">
      <Filter>Game objects</Filter>
    </ClCompile>
    <ClCompile Include="src\e_pulseswitch.cpp">
      <Filter>Game objects</Filter>
    </ClCompile>
    <ClCompile Include="src\e_value.cpp">
      <Filter>Game objects</Filter>
    </ClCompile>
    <ClCompile Include="src\e_valueswitch.cpp">
      <Filter>Game objects</Filter>
    </ClCompile>
    <ClCompile Include="src\electricitypanel.cpp">
      <Filter>Game objects</Filter>
    </ClCompile>
    <ClCompile Include="src\electricityswitch.cpp">
      <Filter>Game objects</Filter>
    </ClCompile>
    <ClCompile Include="src\electronics.cpp">
      <Filter>Game objects</Filter>
    </ClCompile>
    <ClCompile Include="src\elevator.cpp">
      <Filter>Game objects</Filter>
    </ClCompile>
    <ClCompile Include="src\enemy.cpp">
      <Filter>Game objects</Filter>
    </ClCompile>
    <ClCompile Include="src\exit.cpp">
      <Filter>Game objects</Filter>
    </ClCompile>
    <ClCompile Include="src\eye.cpp">
      <Filter>Game objects</Filter>
    </ClCompile>
    <ClCompile Include="src\fire.cpp">
      <Filter>Game objects</Filter>
    </ClCompile>
    <ClCompile Include="src\hint.cpp">
      <Filter>Game objects</Filter>
    </ClCompile>
    <ClCompile Include="src\hotel.cpp">
      <Filter>Game objects</Filter>
    </ClCompile>
    <ClCompile Include="src\laser.cpp">
      <Filter>Game objects</Filter>
    </ClCompile>
    <ClCompile Include="src\lava.cpp">
      <Filter>Game objects</Filter>
    </ClCompile>
    <ClCompile Include="src\lightbarriersender.cpp">
      <Filter>Game objects</Filter>
    </ClCompile>
    <ClCompile Include="src\lightpanel.cpp">
      <Filter>Game objects</Filter>
    </ClCompile>
    <ClCompile Include="src\lightswitch.cpp">
      <Filter>Game objects</Filter>
    </ClCompile>
    <ClCompile Include="src\magnet.cpp">
      <Filter>Game objects</Filter>
    </ClCompile>
    <ClCompile Include="src\mirror.cpp">
      <Filter>Game objects</Filter>
    </ClCompile>
    <ClCompile Include="src\object.cpp">
      <Filter>Game objects</Filter>
    </ClCompile>
    <ClCompile Include="src\panel.cpp">
      <Filter>Game objects</Filter>
    </ClCompile>
    <ClCompile Include="src\pin.cpp">
      <Filter>Game objects</Filter>
    </ClCompile>
    <ClCompile Include="src\player.cpp">
      <Filter>Game objects</Filter>
    </ClCompile>
    <ClCompile Include="src\presets.cpp">
      <Filter>Game objects</Filter>
    </ClCompile>
    <ClCompile Include="src\projectile.cpp">
      <Filter>Game objects</Filter>
    </ClCompile>
    <ClCompile Include="src\rail.cpp">
      <Filter>Game objects</Filter>
    </ClCompile>
    <ClCompile Include="src\stdobject.cpp">
      <Filter>Game objects</Filter>
    </ClCompile>
    <ClCompile Include="src\teleporter.cpp">
      <Filter>Game objects</Filter>
    </ClCompile>
    <ClCompile Include="src\toxicgas.cpp">
      <Filter>Game objects</Filter>
    </ClCompile>
    <ClCompile Include="src\toxicwaste.cpp">
      <Filter>Game objects</Filter>
    </ClCompile>
    <ClCompile Include="src\as_ogg.cpp">
      <Filter>Engine</Filter>
    </ClCompile>
    <ClCompile Include="src\as_wav.cpp">
      <Filter>Engine</Filter>
    </ClCompile>
    <ClCompile Include="src\audiocapture.cpp">
      <Filter>Engine</Filter>
    </ClCompile>
    <ClCompile Include="src\audiostream.cpp">
      <Filter>Engine</Filter>
    </ClCompile>
    <ClCompile Include="src\cf_blend.cpp">
      <Filter>Engine</Filter>
    </ClCompile>
    <ClCompile Include="src\cf_camera.cpp">
      <Filter>Engine</Filter>
    </ClCompile>
    <ClCompile Include="src\cf_colorblend.cpp">
      <Filter>Engine</Filter>
    </ClCompile>
    <ClCompile Include="src\cf_cube.cpp">
      <Filter>Engine</Filter>
    </ClCompile>
    <ClCompile Include="src\cf_mosaic.cpp">
      <Filter>Engine</Filter>
    </ClCompile>
    <ClCompile Include="src\cf_slices.cpp">
      <Filter>Engine</Filter>
    </ClCompile>
    <ClCompile Include="src\cf_star.cpp">
      <Filter>Engine</Filter>
    </ClCompile>
    <ClCompile Include="src\cf_zoom.cpp">
      <Filter>Engine</Filter>
    </ClCompile>
    <ClCompile Include="src\crossfade.cpp">
      <Filter>Engine</Filter>
    </ClCompile>
    <ClCompile Include="src\engine.cpp">
      <Filter>Engine</Filter>
    </ClCompile>
    <ClCompile Include="src\glextensions.cpp">
      <Filter>Engine</Filter>
    </ClCompile>
    <ClCompile Include="src\file.cpp">
      <Filter>Engine</Filter>
    </ClCompile>
    <ClCompile Include="src\file_archived.cpp">
      <Filter>Engine</Filter>
    </ClCompile>
    <ClCompile Include="src\file_real.cpp">
      <Filter>Engine</Filter>
    </ClCompile>
    <ClCompile Include="src\filesystem.cpp">
      <Filter>Engine</Filter>
    </ClCompile>
    <ClCompile Include="src\font.cpp">
      <Filter>Engine</Filter>
    </ClCompile>
    <ClCompile Include="src\gamestate.cpp">
      <Filter>Engine</Filter>
    </ClCompile>
    <ClCompile Include="src\gui.cpp">
      <Filter>Engine</Filter>
    </ClCompile>
    <ClCompile Include="src\gui_button.cpp">
      <Filter>Engine</Filter>
    </ClCompile>
    <ClCompile Include="src\gui_checkbox.cpp">
      <Filter>Engine</Filter>
    </ClCompile>
    <ClCompile Include="src\gui_editbox.cpp">
      <Filter>Engine</Filter>
    </ClCompile>
    <ClCompile Include="src\gui_element.cpp">
      <Filter>Engine</Filter>
    </ClCompile>
    <ClCompile Include="src\gui_listbox.cpp">
      <Filter>Engine</Filter>
    </ClCompile>
    <ClCompile Include="src\gui_multilineeditbox.cpp">
      <Filter>Engine</Filter>
    </ClCompile>
    <ClCompile Include="src\gui_radiobutton.cpp">
      <Filter>Engine</Filter>
    </ClCompile>
    <ClCompile Include="src\gui_scrollbar.cpp">
      <Filter>Engine</Filter>
    </ClCompile>
    <ClCompile Include="src\gui_staticimage.cpp">
      <Filter>Engine</Filter>
    </ClCompile>
    <ClCompile Include="src\gui_statictext.cpp">
      <Filter>Engine</Filter>
    </ClCompile>
    <ClCompile Include="src\gui_window.cpp">
      <Filter>Engine</Filter>
    </ClCompile>
    <ClCompile Include="src\img_load.cpp">
      <Filter>Engine</Filter>
    </ClCompile>
    <ClCompile Include="src\linedrawer.cpp">
      <Filter>Engine</Filter>
    </ClCompile>
    <ClCompile Include="src\particlesystem.cpp">
      <Filter>Engine</Filter>
    </ClCompile>
    <ClCompile Include="src\pch.cpp">
      <Filter>Engine</Filter>
    </ClCompile>
    <ClCompile Include="src\sound.cpp">
      <Filter>Engine</Filter>
    </ClCompile>
    <ClCompile Include="src\soundinstance.cpp">
      <Filter>Engine</Filter>
    </ClCompile>
    <ClCompile Include="src\streamedsound.cpp">
      <Filter>Engine</Filter>
    </ClCompile>
    <ClCompile Include="src\texture.cpp">
      <Filter>Engine</Filter>
    </ClCompile>
    <ClCompile Include="src\transfer.cpp">
      <Filter>Engine</Filter>
    </ClCompile>
    <ClCompile Include="src\util.cpp">
      <Filter>Engine</Filter>
    </ClCompile>
    <ClCompile Include="src\videorecorder.cpp">
      <Filter>Engine</Filter>
    </ClCompile>
    <ClCompile Include="libs\zlib-1.3.1\contrib\minizip\unzip.c">
      <Filter>MiniZip</Filter>
    </ClCompile>
    <ClCompile Include="libs\zlib-1.3.1\contrib\minizip\zip.c">
      <Filter>MiniZip</Filter>
    </ClCompile>
    <ClCompile Include="libs\minih264\minih264e_impl.c">
      <Filter>minih264</Filter>
    </ClCompile>
    <ClCompile Include="libs\minimp4\minimp4_impl.c">
      <Filter>minimp4</Filter>
    </ClCompile>
    <ClCompile Include="libs\shine\bitstream.c">
      <Filter>shine</Filter>
    </ClCompile>
    <ClCompile Include="libs\shine\huffman.c">
      <Filter>shine</Filter>
    </ClCompile>
    <ClCompile Include="libs\shine\l3bitstream.c">
      <Filter>shine</Filter>
    </ClCompile>
    <ClCompile Include="libs\shine\l3loop.c">
      <Filter>shine</Filter>
    </ClCompile>
    <ClCompile Include="libs\shine\l3mdct.c">
      <Filter>shine</Filter>
    </ClCompile>
    <ClCompile Include="libs\shine\l3subband.c">
      <Filter>shine</Filter>
    </ClCompile>
    <ClCompile Include="libs\shine\layer3.c">
      <Filter>shine</Filter>
    </ClCompile>
    <ClCompile Include="libs\shine\reservoir.c">
      <Filter>shine</Filter>
    </ClCompile>
    <ClCompile Include="libs\shine\tables.c">
      <Filter>shine</Filter>
    </ClCompile>
    <ClCompile Include="libs\SDL-1.2.15\src\main\win32\SDL_win32_main.c">
      <Filter>SDL</Filter>
    </ClCompile>
    <ClCompile Include="libs\SDL-1.2.15\src\SDL.c">
      <Filter>SDL</Filter>
    </ClCompile>
    <ClCompile Include="libs\SDL-1.2.15\src\SDL_error.c">
      <Filter>SDL</Filter>
    </ClCompile>
    <ClCompile Include="libs\SDL-1.2.15\src\SDL_fatal.c">
      <Filter>SDL</Filter>
    </ClCompile>
    <ClCompile Include="libs\SDL-1.2.15\src\audio\SDL_audio.c">
      <Filter>SDL</Filter>
    </ClCompile>
    <ClCompile Include="libs\SDL-1.2.15\src\audio\SDL_audiocvt.c">
      <Filter>SDL</Filter>
    </ClCompile>
    <ClCompile Include="libs\SDL-1.2.15\src\audio\SDL_mixer.c">
      <Filter>SDL</Filter>
    </ClCompile>
    <ClCompile Include="libs\SDL-1.2.15\src\audio\SDL_mixer_MMX_VC.c">
      <Filter>SDL</Filter>
    </ClCompile>
    <ClCompile Include="libs\SDL-1.2.15\src\audio\SDL_wave.c">
      <Filter>SDL</Filter>
    </ClCompile>
    <ClCompile Include="libs\SDL-1.2.15\src\audio\disk\SDL_diskaudio.c">
      <Filter>SDL</Filter>
    </ClCompile>
    <ClCompile Include="libs\SDL-1.2.15\src\audio\dummy\SDL_dummyaudio.c">
      <Filter>SDL</Filter>
    </ClCompile>
    <ClCompile Include="libs\SDL-1.2.15\src\audio\windib\SDL_dibaudio.c">
      <Filter>SDL</Filter>
    </ClCompile>
    <ClCompile Include="libs\SDL-1.2.15\src\audio\windx5\SDL_dx5audio.c">
      <Filter>SDL</Filter>
    </ClCompile>
    <ClCompile Include="libs\SDL-1.2.15\src\cdrom\SDL_cdrom.c">
      <Filter>SDL</Filter>
    </ClCompile>
    <ClCompile Include="libs\SDL-1.2.15\src\cdrom\win32\SDL_syscdrom.c">
      <Filter>SDL</Filter>
    </ClCompile>
    <ClCompile Include="libs\SDL-1.2.15\src\cpuinfo\SDL_cpuinfo.c">
      <Filter>SDL</Filter>
    </ClCompile>
    <ClCompile Include="libs\SDL-1.2.15\src\events\SDL_active.c">
      <Filter>SDL</Filter>
    </ClCompile>
    <ClCompile Include="libs\SDL-1.2.15\src\events\SDL_events.c">
      <Filter>SDL</Filter>
    </ClCompile>
    <ClCompile Include="libs\SDL-1.2.15\src\events\SDL_expose.c">
      <Filter>SDL</Filter>
    </ClCompile>
    <ClCompile Include="libs\SDL-1.2.15\src\events\SDL_keyboard.c">
      <Filter>SDL</Filter>
    </ClCompile>
    <ClCompile Include="libs\SDL-1.2.15\src\events\SDL_mouse.c">
      <Filter>SDL</Filter>
    </ClCompile>
    <ClCompile Include="libs\SDL-1.2.15\src\events\SDL_quit.c">
      <Filter>SDL</Filter>
    </ClCompile>
    <ClCompile Include="libs\SDL-1.2.15\src\events\SDL_resize.c">
      <Filter>SDL</Filter>
    </ClCompile>
    <ClCompile Include="libs\SDL-1.2.15\src\file\SDL_rwops.c">
      <Filter>SDL</Filter>
    </ClCompile>
    <ClCompile Include="libs\SDL-1.2.15\src\joystick\SDL_joystick.c">
      <Filter>SDL</Filter>
    </ClCompile>
    <ClCompile Include="libs\SDL-1.2.15\src\joystick\win32\SDL_mmjoystick.c">
      <Filter>SDL</Filter>
    </ClCompile>
    <ClCompile Include="libs\SDL-1.2.15\src\loadso\win32\SDL_sysloadso.c">
      <Filter>SDL</Filter>
    </ClCompile>
    <ClCompile Include="libs\SDL-1.2.15\src\stdlib\SDL_getenv.c">
      <Filter>SDL</Filter>
    </ClCompile>
    <ClCompile Include="libs\SDL-1.2.15\src\stdlib\SDL_iconv.c">
      <Filter>SDL</Filter>
    </ClCompile>
    <ClCompile Include="libs\SDL-1.2.15\src\stdlib\SDL_malloc.c">
      <Filter>SDL</Filter>
    </ClCompile>
    <ClCompile Include="libs\SDL-1.2.15\src\stdlib\SDL_qsort.c">
      <Filter>SDL</Filter>
    </ClCompile>
    <ClCompile Include="libs\SDL-1.2.15\src\stdlib\SDL_stdlib.c">
      <Filter>SDL</Filter>
    </ClCompile>
    <ClCompile Include="libs\SDL-1.2.15\src\stdlib\SDL_string.c">
      <Filter>SDL</Filter>
    </ClCompile>
    <ClCompile Include="libs\SDL-1.2.15\src\thread\SDL_thread.c">
      <Filter>SDL</Filter>
    </ClCompile>
    <ClCompile Include="libs\SDL-1.2.15\src\thread\generic\SDL_syscond.c">
      <Filter>SDL</Filter>
    </ClCompile>
    <ClCompile Include="libs\SDL-1.2.15\src\thread\win32\SDL_sysmutex.c">
      <Filter>SDL</Filter>
    </ClCompile>
    <ClCompile Include="libs\SDL-1.2.15\src\thread\win32\SDL_syssem.c">
      <Filter>SDL</Filter>
    </ClCompile>
    <ClCompile Include="libs\SDL-1.2.15\src\thread\win32\SDL_systhread.c">
      <Filter>SDL</Filter>
    </ClCompile>
    <ClCompile Include="libs\SDL-1.2.15\src\timer\SDL_timer.c">
      <Filter>SDL</Filter>
    </ClCompile>
    <ClCompile Include="libs\SDL-1.2.15\src\timer\win32\SDL_systimer.c">
      <Filter>SDL</Filter>
    </ClCompile>
    <ClCompile Include="libs\SDL-1.2.15\src\video\SDL_RLEaccel.c">
      <Filter>SDL</Filter>
    </ClCompile>
    <ClCompile Include="libs\SDL-1.2.15\src\video\SDL_blit.c">
      <Filter>SDL</Filter>
    </ClCompile>
    <ClCompile Include="libs\SDL-1.2.15\src\video\SDL_blit_0.c">
      <Filter>SDL</Filter>
    </ClCompile>
    <ClCompile Include="libs\SDL-1.2.15\src\video\SDL_blit_1.c">
      <Filter>SDL</Filter>
    </ClCompile>
    <ClCompile Include="libs\SDL-1.2.15\src\video\SDL_blit_A.c">
      <Filter>SDL</Filter>
    </ClCompile>
    <ClCompile Include="libs\SDL-1.2.15\src\video\SDL_blit_N.c">
      <Filter>SDL</Filter>
    </ClCompile>
    <ClCompile Include="libs\SDL-1.2.15\src\video\SDL_bmp.c">
      <Filter>SDL</Filter>
    </ClCompile>
    <ClCompile Include="libs\SDL-1.2.15\src\video\SDL_cursor.c">
      <Filter>SDL</Filter>
    </ClCompile>
    <ClCompile Include="libs\SDL-1.2.15\src\video\SDL_gamma.c">
      <Filter>SDL</Filter>
    </ClCompile>
    <ClCompile Include="libs\SDL-1.2.15\src\video\SDL_pixels.c">
      <Filter>SDL</Filter>
    </ClCompile>
    <ClCompile Include="libs\SDL-1.2.15\src\video\SDL_stretch.c">
      <Filter>SDL</Filter>
    </ClCompile>
    <ClCompile Include="libs\SDL-1.2.15\src\video\SDL_surface.c">
      <Filter>SDL</Filter>
    </ClCompile>
    <ClCompile Include="libs\SDL-1.2.15\src\video\SDL_video.c">
      <Filter>SDL</Filter>
    </ClCompile>
    <ClCompile Include="libs\SDL-1.2.15\src\video\SDL_yuv.c">
      <Filter>SDL</Filter>
    </ClCompile>
    <ClCompile Include="libs\SDL-1.2.15\src\video\SDL_yuv_sw.c">
      <Filter>SDL</Filter>
    </ClCompile>
    <ClCompile Include="libs\SDL-1.2.15\src\video\dummy\SDL_nullevents.c">
      <Filter>SDL</Filter>
    </ClCompile>
    <ClCompile Include="libs\SDL-1.2.15\src\video\dummy\SDL_nullmouse.c">
      <Filter>SDL</Filter>
    </ClCompile>
    <ClCompile Include="libs\SDL-1.2.15\src\video\dummy\SDL_nullvideo.c">
      <Filter>SDL</Filter>
    </ClCompile>
    <ClCompile Include="libs\SDL-1.2.15\src\video\wincommon\SDL_sysevents.c">
      <Filter>SDL</Filter>
    </ClCompile>
    <ClCompile Include="libs\SDL-1.2.15\src\video\wincommon\SDL_sysmouse.c">
      <Filter>SDL</Filter>
    </ClCompile>
    <ClCompile Include="libs\SDL-1.2.15\src\video\wincommon\SDL_syswm.c">
      <Filter>SDL</Filter>
    </ClCompile>
    <ClCompile Include="libs\SDL-1.2.15\src\video\wincommon\SDL_wingl.c">
      <Filter>SDL</Filter>
    </ClCompile>
    <ClCompile Include="libs\SDL-1.2.15\src\video\windib\SDL_dibevents.c">
      <Filter>SDL</Filter>
    </ClCompile>
    <ClCompile Include="libs\SDL-1.2.15\src\video\windib\SDL_dibvideo.c">
      <Filter>SDL</Filter>
    </ClCompile>
    <ClCompile Include="libs\SDL-1.2.15\src\video\windx5\SDL_dx5events.c">
      <Filter>SDL</Filter>
    </ClCompile>
    <ClCompile Include="libs\SDL-1.2.15\src\video\windx5\SDL_dx5video.c">
      <Filter>SDL</Filter>
    </ClCompile>
    <ClCompile Include="libs\SDL-1.2.15\src\video\windx5\SDL_dx5yuv.c">
      <Filter>SDL</Filter>
    </ClCompile>
    <ClCompile Include="libs\tinyxml-2.6.2\tinystr.cpp">
      <Filter>TinyXML</Filter>
    </ClCompile>
    <ClCompile Include="libs\tinyxml-2.6.2\tinyxml.cpp">
      <Filter>TinyXML</Filter>
    </ClCompile>
    <ClCompile Include="libs\tinyxml-2.6.2\tinyxmlerror.cpp">
      <Filter>TinyXML</Filter>
    </ClCompile>
    <ClCompile Include="libs\tinyxml-2.6.2\tinyxmlparser.cpp">
      <Filter>TinyXML</Filter>
    </ClCompile>
    <ClCompile Include="libs\libogg-1.3.2\src\bitwise.c">
      <Filter>libogg</Filter>
    </ClCompile>
    <ClCompile Include="libs\libogg-1.3.2\src\framing.c">
      <Filter>libogg</Filter>
    </ClCompile>
    <ClCompile Include="libs\libvorbis-1.3.4\lib\analysis.c">
      <Filter>libvorbis</Filter>
    </ClCompile>
    <ClCompile Include="libs\libvorbis-1.3.4\lib\bitrate.c">
      <Filter>libvorbis</Filter>
    </ClCompile>
    <ClCompile Include="libs\libvorbis-1.3.4\lib\block.c">
      <Filter>libvorbis</Filter>
    </ClCompile>
    <ClCompile Include="libs\libvorbis-1.3.4\lib\codebook.c">
      <Filter>libvorbis</Filter>
    </ClCompile>
    <ClCompile Include="libs\libvorbis-1.3.4\lib\envelope.c">
      <Filter>libvorbis</Filter>
    </ClCompile>
    <ClCompile Include="libs\libvorbis-1.3.4\lib\floor0.c">
      <Filter>libvorbis</Filter>
    </ClCompile>
    <ClCompile Include="libs\libvorbis-1.3.4\lib\floor1.c">
      <Filter>libvorbis</Filter>
    </ClCompile>
    <ClCompile Include="libs\libvorbis-1.3.4\lib\info.c">
      <Filter>libvorbis</Filter>
    </ClCompile>
    <ClCompile Include="libs\libvorbis-1.3.4\lib\lookup.c">
      <Filter>libvorbis</Filter>
    </ClCompile>
    <ClCompile Include="libs\libvorbis-1.3.4\lib\lpc.c">
      <Filter>libvorbis</Filter>
    </ClCompile>
    <ClCompile Include="libs\libvorbis-1.3.4\lib\lsp.c">
      <Filter>libvorbis</Filter>
    </ClCompile>
    <ClCompile Include="libs\libvorbis-1.3.4\lib\mapping0.c">
      <Filter>libvorbis</Filter>
    </ClCompile>
    <ClCompile Include="libs\libvorbis-1.3.4\lib\mdct.c">
      <Filter>libvorbis</Filter>
    </ClCompile>
    <ClCompile Include="libs\libvorbis-1.3.4\lib\psy.c">
      <Filter>libvorbis</Filter>
    </ClCompile>
    <ClCompile Include="libs\libvorbis-1.3.4\lib\registry.c">
      <Filter>libvorbis</Filter>
    </ClCompile>
    <ClCompile Include="libs\libvorbis-1.3.4\lib\res0.c">
      <Filter>libvorbis</Filter>
    </ClCompile>
    <ClCompile Include="libs\libvorbis-1.3.4\lib\sharedbook.c">
      <Filter>libvorbis</Filter>
    </ClCompile>
    <ClCompile Include="libs\libvorbis-1.3.4\lib\smallft.c">
      <Filter>libvorbis</Filter>
    </ClCompile>
    <ClCompile Include="libs\libvorbis-1.3.4\lib\synthesis.c">
      <Filter>libvorbis</Filter>
    </ClCompile>
    <ClCompile Include="libs\libvorbis-1.3.4\lib\vorbisenc.c">
      <Filter>libvorbis</Filter>
    </ClCompile>
    <ClCompile Include="libs\libvorbis-1.3.4\lib\vorbisfile.c">
      <Filter>libvorbis</Filter>
    </ClCompile>
    <ClCompile Include="libs\libvorbis-1.3.4\lib\window.c">
      <Filter>libvorbis</Filter>
    </ClCompile>
    <ClCompile Include="libs\zlib-1.3.1\adler32.c">
      <Filter>zlib</Filter>
    </ClCompile>
    <ClCompile Include="libs\zlib-1.3.1\compress.c">
      <Filter>zlib</Filter>
    </ClCompile>
    <ClCompile Include="libs\zlib-1.3.1\crc32.c">
      <Filter>zlib</Filter>
    </ClCompile>
    <ClCompile Include="libs\zlib-1.3.1\deflate.c">
      <Filter>zlib</Filter>
    </ClCompile>
    <ClCompile Include="libs\zlib-1.3.1\infback.c">
      <Filter>zlib</Filter>
    </ClCompile>
    <ClCompile Include="libs\zlib-1.3.1\inffast.c">
      <Filter>zlib</Filter>
    </ClCompile>
    <ClCompile Include="libs\zlib-1.3.1\inflate.c">
      <Filter>zlib</Filter>
    </ClCompile>
    <ClCompile Include="libs\zlib-1.3.1\inftrees.c">
      <Filter>zlib</Filter>
    </ClCompile>
    <ClCompile Include="libs\zlib-1.3.1\trees.c">
      <Filter>zlib</Filter>
    </ClCompile>
    <ClCompile Include="libs\zlib-1.3.1\uncompr.c">
      <Filter>zlib</Filter>
    </ClCompile>
    <ClCompile Include="libs\zlib-1.3.1\zutil.c">
      <Filter>zlib</Filter>
    </ClCompile>
    <ClCompile Include="libs\zlib-1.3.1\contrib\minizip\ioapi.c">
      <Filter>MiniZip</Filter>
    </ClCompile>
    <ClCompile Include="libs\zlib-1.3.1\contrib\minizip\iowin32.c">
      <Filter>MiniZip</Filter>
    </ClCompile>
  </ItemGroup>
  <ItemGroup>
    <ClInclude Include="src\campaign.h">
      <Filter>Game</Filter>
    </ClInclude>
    <ClInclude Include="src\sprite.h">
      <Filter>Game</Filter>
    </ClInclude>
    <ClInclude Include="src\gs_campaigneditor.h">
      <Filter>Game</Filter>
    </ClInclude>
    <ClInclude Include="src\gs_credits.h">
      <Filter>Game</Filter>
    </ClInclude>
    <ClInclude Include="src\gs_game.h">
      <Filter>Game</Filter>
    </ClInclude>
    <ClInclude Include="src\gs_leveleditor.h">
      <Filter>Game</Filter>
    </ClInclude>
    <ClInclude Include="src\gs_loading.h">
      <Filter>Game</Filter>
    </ClInclude>
    <ClInclude Include="src\gs_menu.h">
      <Filter>Game</Filter>
    </ClInclude>
    <ClInclude Include="src\gs_selectlevel.h">
      <Filter>Game</Filter>
    </ClInclude>
    <ClInclude Include="src\help.h">
      <Filter>Game</Filter>
    </ClInclude>
    <ClInclude Include="src\level.h">
      <Filter>Game</Filter>
    </ClInclude>
    <ClInclude Include="src\lightning.h">
      <Filter>Game</Filter>
    </ClInclude>
    <ClInclude Include="src\options.h">
      <Filter>Game</Filter>
    </ClInclude>
    <ClInclude Include="src\progressdb.h">
      <Filter>Game</Filter>
    </ClInclude>
    <ClInclude Include="src\resource1.h">
      <Filter>Game</Filter>
    </ClInclude>
    <ClInclude Include="src\stackwalker.h">
      <Filter>Game</Filter>
    </ClInclude>
    <ClInclude Include="src\tileset.h">
      <Filter>Game</Filter>
    </ClInclude>
    <ClInclude Include="src\activatorblock.h">
      <Filter>Game objects</Filter>
    </ClInclude>
    <ClInclude Include="src\arrow.h">
      <Filter>Game objects</Filter>
    </ClInclude>
    <ClInclude Include="src\barrage.h">
      <Filter>Game objects</Filter>
    </ClInclude>
    <ClInclude Include="src\barrage2.h">
      <Filter>Game objects</Filter>
    </ClInclude>
    <ClInclude Include="src\barrage2panel.h">
      <Filter>Game objects</Filter>
    </ClInclude>
    <ClInclude Include="src\barrageswitch.h">
      <Filter>Game objects</Filter>
    </ClInclude>
    <ClInclude Include="src\bomb.h">
      <Filter>Game objects</Filter>
    </ClInclude>
    <ClInclude Include="src\cannon.h">
      <Filter>Game objects</Filter>
    </ClInclude>
    <ClInclude Include="src\cannonpanel.h">
      <Filter>Game objects</Filter>
    </ClInclude>
    <ClInclude Include="src\cannonswitch.h">
      <Filter>Game objects</Filter>
    </ClInclude>
    <ClInclude Include="src\conveyorbelt.h">
      <Filter>Game objects</Filter>
    </ClInclude>
    <ClInclude Include="src\damage.h">
      <Filter>Game objects</Filter>
    </ClInclude>
    <ClInclude Include="src\diamondmachine.h">
      <Filter>Game objects</Filter>
    </ClInclude>
    <ClInclude Include="src\e_barrage.h">
      <Filter>Game objects</Filter>
    </ClInclude>
    <ClInclude Include="src\e_blockdetector.h">
      <Filter>Game objects</Filter>
    </ClInclude>
    <ClInclude Include="src\e_clock.h">
      <Filter>Game objects</Filter>
    </ClInclude>
    <ClInclude Include="src\e_flipflop.h">
      <Filter>Game objects</Filter>
    </ClInclude>
    <ClInclude Include="src\e_gate.h">
      <Filter>Game objects</Filter>
    </ClInclude>
    <ClInclude Include="src\e_hexdigit.h">
      <Filter>Game objects</Filter>
    </ClInclude>
    <ClInclude Include="src\e_lightbarrierreceiver.h">
      <Filter>Game objects</Filter>
    </ClInclude>
    <ClInclude Include="src\e_lightbulb.h">
      <Filter>Game objects</Filter>
    </ClInclude>
    <ClInclude Include="src\e_multiplexer.h">
      <Filter>Game objects</Filter>
    </ClInclude>
    <ClInclude Include="src\e_pulsepanel.h">
      <Filter>Game objects</Filter>
    </ClInclude>
    <ClInclude Include="src\e_pulseswitch.h">
      <Filter>Game objects</Filter>
    </ClInclude>
    <ClInclude Include="src\e_value.h">
      <Filter>Game objects</Filter>
    </ClInclude>
    <ClInclude Include="src\e_valueswitch.h">
      <Filter>Game objects</Filter>
    </ClInclude>
    <ClInclude Include="src\electricitypanel.h">
      <Filter>Game objects</Filter>
    </ClInclude>
    <ClInclude Include="src\electricityswitch.h">
      <Filter>Game objects</Filter>
    </ClInclude>
    <ClInclude Include="src\electronics.h">
      <Filter>Game objects</Filter>
    </ClInclude>
    <ClInclude Include="src\elevator.h">
      <Filter>Game objects</Filter>
    </ClInclude>
    <ClInclude Include="src\enemy.h">
      <Filter>Game objects</Filter>
    </ClInclude>
    <ClInclude Include="src\exit.h">
      <Filter>Game objects</Filter>
    </ClInclude>
    <ClInclude Include="src\eye.h">
      <Filter>Game objects</Filter>
    </ClInclude>
    <ClInclude Include="src\fire.h">
      <Filter>Game objects</Filter>
    </ClInclude>
    <ClInclude Include="src\hint.h">
      <Filter>Game objects</Filter>
    </ClInclude>
    <ClInclude Include="src\hotel.h">
      <Filter>Game objects</Filter>
    </ClInclude>
    <ClInclude Include="src\laser.h">
      <Filter>Game objects</Filter>
    </ClInclude>
    <ClInclude Include="src\lava.h">
      <Filter>Game objects</Filter>
    </ClInclude>
    <ClInclude Include="src\lightbarriersender.h">
      <Filter>Game objects</Filter>
    </ClInclude>
    <ClInclude Include="src\lightpanel.h">
      <Filter>Game objects</Filter>
    </ClInclude>
    <ClInclude Include="src\lightswitch.h">
      <Filter>Game objects</Filter>
    </ClInclude>
    <ClInclude Include="src\magnet.h">
      <Filter>Game objects</Filter>
    </ClInclude>
    <ClInclude Include="src\mirror.h">
      <Filter>Game objects</Filter>
    </ClInclude>
    <ClInclude Include="src\object.h">
      <Filter>Game objects</Filter>
    </ClInclude>
    <ClInclude Include="src\panel.h">
      <Filter>Game objects</Filter>
    </ClInclude>
    <ClInclude Include="src\pin.h">
      <Filter>Game objects</Filter>
    </ClInclude>
    <ClInclude Include="src\player.h">
      <Filter>Game objects</Filter>
    </ClInclude>
    <ClInclude Include="src\presets.h">
      <Filter>Game objects</Filter>
    </ClInclude>
    <ClInclude Include="src\projectile.h">
      <Filter>Game objects</Filter>
    </ClInclude>
    <ClInclude Include="src\rail.h">
      <Filter>Game objects</Filter>
    </ClInclude>
    <ClInclude Include="src\stdobject.h">
      <Filter>Game objects</Filter>
    </ClInclude>
    <ClInclude Include="src\teleporter.h">
      <Filter>Game objects</Filter>
    </ClInclude>
    <ClInclude Include="src\toxicgas.h">
      <Filter>Game objects</Filter>
    </ClInclude>
    <ClInclude Include="src\toxicwaste.h">
      <Filter>Game objects</Filter>
    </ClInclude>
    <ClInclude Include="src\as_ogg.h">
      <Filter>Engine</Filter>
    </ClInclude>
    <ClInclude Include="src\as_wav.h">
      <Filter>Engine</Filter>
    </ClInclude>
    <ClInclude Include="src\audiocapture.h">
      <Filter>Engine</Filter>
    </ClInclude>
    <ClInclude Include="src\audiostream.h">
      <Filter>Engine</Filter>
    </ClInclude>
    <ClInclude Include="src\cf_all.h">
      <Filter>Engine</Filter>
    </ClInclude>
    <ClInclude Include="src\cf_blend.h">
      <Filter>Engine</Filter>
    </ClInclude>
    <ClInclude Include="src\cf_camera.h">
      <Filter>Engine</Filter>
    </ClInclude>
    <ClInclude Include="src\cf_colorblend.h">
      <Filter>Engine</Filter>
    </ClInclude>
    <ClInclude Include="src\cf_cube.h">
      <Filter>Engine</Filter>
    </ClInclude>
    <ClInclude Include="src\cf_mosaic.h">
      <Filter>Engine</Filter>
    </ClInclude>
    <ClInclude Include="src\cf_slices.h">
      <Filter>Engine</Filter>
    </ClInclude>
    <ClInclude Include="src\cf_star.h">
      <Filter>Engine</Filter>
    </ClInclude>
    <ClInclude Include="src\cf_zoom.h">
      <Filter>Engine</Filter>
    </ClInclude>
    <ClInclude Include="src\crossfade.h">
      <Filter>Engine</Filter>
    </ClInclude>
    <ClInclude Include="src\engine.h">
      <Filter>Engine</Filter>
    </ClInclude>
    <ClInclude Include="src\glextensions.h">
      <Filter>Engine</Filter>
    </ClInclude>
    <ClInclude Include="src\file.h">
      <Filter>Engine</Filter>
    </ClInclude>
    <ClInclude Include="src\file_archived.h">
      <Filter>Engine</Filter>
    </ClInclude>
    <ClInclude Include="src\file_real.h">
      <Filter>Engine</Filter>
    </ClInclude>
    <ClInclude Include="src\filesystem.h">
      <Filter>Engine</Filter>
    </ClInclude>
    <ClInclude Include="src\font.h">
      <Filter>Engine</Filter>
    </ClInclude>
    <ClInclude Include="src\gamestate.h">
      <Filter>Engine</Filter>
    </ClInclude>
    <ClInclude Include="src\gui.h">
      <Filter>Engine</Filter>
    </ClInclude>
    <ClInclude Include="src\gui_all.h">
      <Filter>Engine</Filter>
    </ClInclude>
    <ClInclude Include="src\gui_button.h">
      <Filter>Engine</Filter>
    </ClInclude>
    <ClInclude Include="src\gui_checkbox.h">
      <Filter>Engine</Filter>
    </ClInclude>
    <ClInclude Include="src\gui_editbox.h">
      <Filter>Engine</Filter>
    </ClInclude>
    <ClInclude Include="src\gui_element.h">
      <Filter>Engine</Filter>
    </ClInclude>
    <ClInclude Include="src\gui_listbox.h">
      <Filter>Engine</Filter>
    </ClInclude>
    <ClInclude Include="src\gui_multilineeditbox.h">
      <Filter>Engine</Filter>
    </ClInclude>
    <ClInclude Include="src\gui_radiobutton.h">
      <Filter>Engine</Filter>
    </ClInclude>
    <ClInclude Include="src\gui_scrollbar.h">
      <Filter>Engine</Filter>
    </ClInclude>
    <ClInclude Include="src\gui_staticimage.h">
      <Filter>Engine</Filter>
    </ClInclude>
    <ClInclude Include="src\gui_statictext.h">
      <Filter>Engine</Filter>
    </ClInclude>
    <ClInclude Include="src\gui_window.h">
      <Filter>Engine</Filter>
    </ClInclude>
    <ClInclude Include="src\img_load.h">
      <Filter>Engine</Filter>
    </ClInclude>
    <ClInclude Include="src\linedrawer.h">
      <Filter>Engine</Filter>
    </ClInclude>
    <ClInclude Include="src\manager.h">
      <Filter>Engine</Filter>
    </ClInclude>
    <ClInclude Include="src\parameterblock.h">
      <Filter>Engine</Filter>
    </ClInclude>
    <ClInclude Include="src\particlesystem.h">
      <Filter>Engine</Filter>
    </ClInclude>
    <ClInclude Include="src\pch.h">
      <Filter>Engine</Filter>
    </ClInclude>
    <ClInclude Include="src\resource.h">
      <Filter>Engine</Filter>
    </ClInclude>
    <ClInclude Include="src\crt_shader.h">
      <Filter>Engine</Filter>
    </ClInclude>
    <ClInclude Include="src\sharpfit_shader.h">
      <Filter>Engine</Filter>
    </ClInclude>
    <ClInclude Include="src\singleton.h">
      <Filter>Engine</Filter>
    </ClInclude>
    <ClInclude Include="src\sound.h">
      <Filter>Engine</Filter>
    </ClInclude>
    <ClInclude Include="src\soundinstance.h">
      <Filter>Engine</Filter>
    </ClInclude>
    <ClInclude Include="src\streamedsound.h">
      <Filter>Engine</Filter>
    </ClInclude>
    <ClInclude Include="src\texture.h">
      <Filter>Engine</Filter>
    </ClInclude>
    <ClInclude Include="src\transfer.h">
      <Filter>Engine</Filter>
    </ClInclude>
    <ClInclude Include="src\typedefs.h">
      <Filter>Engine</Filter>
    </ClInclude>
    <ClInclude Include="src\util.h">
      <Filter>Engine</Filter>
    </ClInclude>
    <ClInclude Include="src\vec.h">
      <Filter>Engine</Filter>
    </ClInclude>
    <ClInclude Include="src\videorecorder.h">
      <Filter>Engine</Filter>
    </ClInclude>
    <ClInclude Include="libs\zlib-1.3.1\contrib\minizip\unzip.h">
      <Filter>MiniZip</Filter>
    </ClInclude>
    <ClInclude Include="libs\zlib-1.3.1\contrib\minizip\zip.h">
      <Filter>MiniZip</Filter>
    </ClInclude>
    <ClInclude Include="libs\zlib-1.3.1\contrib\minizip\ioapi.h">
      <Filter>MiniZip</Filter>
    </ClInclude>
    <ClInclude Include="libs\zlib-1.3.1\contrib\minizip\iowin32.h">
      <Filter>MiniZip</Filter>
    </ClInclude>
    <ClInclude Include="libs\zlib-1.3.1\contrib\minizip\crypt.h">
      <Filter>MiniZip</Filter>
    </ClInclude>
  </ItemGroup>
  <ItemGroup>
    <Image Include="src\icon1.ico">
      <Filter>Game</Filter>
    </Image>
  </ItemGroup>
  <ItemGroup>
    <ResourceCompile Include="src\resources.rc">
      <Filter>Game</Filter>
    </ResourceCompile>
  </ItemGroup>
</Project>